# This file is automatically @generated by Cargo.
# It is not intended for manual editing.
[[package]]
name = "pretty-hex"
version = "0.1.1"
source = "registry+https://github.com/rust-lang/crates.io-index"

[[package]]
name = "riscv-disasm"
version = "0.1.0"
source = "git+https://github.com/laanwj/rust-riscv-disasm#78606e49b7c1004f576dbf916c092f8d8f8ecee8"

[[package]]
name = "tbfdump"
version = "0.1.0"
dependencies = [
 "pretty-hex 0.1.1 (registry+https://github.com/rust-lang/crates.io-index)",
 "riscv-disasm 0.1.0 (git+https://github.com/laanwj/rust-riscv-disasm)",
]

[metadata]
"checksum pretty-hex 0.1.1 (registry+https://github.com/rust-lang/crates.io-index)" = "be91bcc43e73799dc46a6c194a55e7aae1d86cc867c860fd4a436019af21bd8c"
"checksum riscv-disasm 0.1.0 (git+https://github.com/laanwj/rust-riscv-disasm)" = "<none>"
